// !$*UTF8*$!
{
	archiveVersion = 1;
	classes = {
	};
	objectVersion = 46;
	objects = {

/* Begin PBXBuildFile section */
		112BEA801A9FCA7400F98867 /* main.m in Sources */ = {isa = PBXBuildFile; fileRef = 112BEA7F1A9FCA7400F98867 /* main.m */; };
		112BEA831A9FCA7400F98867 /* AppDelegate.m in Sources */ = {isa = PBXBuildFile; fileRef = 112BEA821A9FCA7400F98867 /* AppDelegate.m */; };
		112BEA8B1A9FCA7400F98867 /* Images.xcassets in Resources */ = {isa = PBXBuildFile; fileRef = 112BEA8A1A9FCA7400F98867 /* Images.xcassets */; };
		112BEA9A1A9FCA7400F98867 /* AutomatedScrollingMessageTests.m in Sources */ = {isa = PBXBuildFile; fileRef = 112BEA991A9FCA7400F98867 /* AutomatedScrollingMessageTests.m */; };
		112BEAB01A9FD6BF00F98867 /* MainViewController.m in Sources */ = {isa = PBXBuildFile; fileRef = 112BEAAE1A9FD6BF00F98867 /* MainViewController.m */; };
		112BEAB11A9FD6BF00F98867 /* MainViewController.xib in Resources */ = {isa = PBXBuildFile; fileRef = 112BEAAF1A9FD6BF00F98867 /* MainViewController.xib */; };
		11B654A91AAA2C660037AC55 /* AutomatedScrollView.m in Sources */ = {isa = PBXBuildFile; fileRef = 11B654A71AAA2C660037AC55 /* AutomatedScrollView.m */; };
		11B654AA1AAA2C660037AC55 /* AutomatedScrollView.xib in Resources */ = {isa = PBXBuildFile; fileRef = 11B654A81AAA2C660037AC55 /* AutomatedScrollView.xib */; };
/* End PBXBuildFile section */

/* Begin PBXContainerItemProxy section */
		112BEA941A9FCA7400F98867 /* PBXContainerItemProxy */ = {
			isa = PBXContainerItemProxy;
			containerPortal = 112BEA721A9FCA7400F98867 /* Project object */;
			proxyType = 1;
			remoteGlobalIDString = 112BEA791A9FCA7400F98867;
			remoteInfo = AutomatedScrollingMessage;
		};
/* End PBXContainerItemProxy section */

/* Begin PBXFileReference section */
		112BEA7A1A9FCA7400F98867 /* AutomatedScrollingMessage.app */ = {isa = PBXFileReference; explicitFileType = wrapper.application; includeInIndex = 0; path = AutomatedScrollingMessage.app; sourceTree = BUILT_PRODUCTS_DIR; };
		112BEA7E1A9FCA7400F98867 /* Info.plist */ = {isa = PBXFileReference; lastKnownFileType = text.plist.xml; path = Info.plist; sourceTree = "<group>"; };
		112BEA7F1A9FCA7400F98867 /* main.m */ = {isa = PBXFileReference; lastKnownFileType = sourcecode.c.objc; path = main.m; sourceTree = "<group>"; };
		112BEA811A9FCA7400F98867 /* AppDelegate.h */ = {isa = PBXFileReference; lastKnownFileType = sourcecode.c.h; path = AppDelegate.h; sourceTree = "<group>"; };
		112BEA821A9FCA7400F98867 /* AppDelegate.m */ = {isa = PBXFileReference; lastKnownFileType = sourcecode.c.objc; path = AppDelegate.m; sourceTree = "<group>"; };
		112BEA8A1A9FCA7400F98867 /* Images.xcassets */ = {isa = PBXFileReference; lastKnownFileType = folder.assetcatalog; path = Images.xcassets; sourceTree = "<group>"; };
		112BEA931A9FCA7400F98867 /* AutomatedScrollingMessageTests.xctest */ = {isa = PBXFileReference; explicitFileType = wrapper.cfbundle; includeInIndex = 0; path = AutomatedScrollingMessageTests.xctest; sourceTree = BUILT_PRODUCTS_DIR; };
		112BEA981A9FCA7400F98867 /* Info.plist */ = {isa = PBXFileReference; lastKnownFileType = text.plist.xml; path = Info.plist; sourceTree = "<group>"; };
		112BEA991A9FCA7400F98867 /* AutomatedScrollingMessageTests.m */ = {isa = PBXFileReference; lastKnownFileType = sourcecode.c.objc; path = AutomatedScrollingMessageTests.m; sourceTree = "<group>"; };
		112BEAAD1A9FD6BF00F98867 /* MainViewController.h */ = {isa = PBXFileReference; fileEncoding = 4; lastKnownFileType = sourcecode.c.h; path = MainViewController.h; sourceTree = "<group>"; };
		112BEAAE1A9FD6BF00F98867 /* MainViewController.m */ = {isa = PBXFileReference; fileEncoding = 4; lastKnownFileType = sourcecode.c.objc; path = MainViewController.m; sourceTree = "<group>"; };
		112BEAAF1A9FD6BF00F98867 /* MainViewController.xib */ = {isa = PBXFileReference; fileEncoding = 4; lastKnownFileType = file.xib; path = MainViewController.xib; sourceTree = "<group>"; };
		11B654A61AAA2C660037AC55 /* AutomatedScrollView.h */ = {isa = PBXFileReference; fileEncoding = 4; lastKnownFileType = sourcecode.c.h; name = AutomatedScrollView.h; path = AutomatedScrollView/AutomatedScrollView.h; sourceTree = "<group>"; };
		11B654A71AAA2C660037AC55 /* AutomatedScrollView.m */ = {isa = PBXFileReference; fileEncoding = 4; lastKnownFileType = sourcecode.c.objc; name = AutomatedScrollView.m; path = AutomatedScrollView/AutomatedScrollView.m; sourceTree = "<group>"; };
		11B654A81AAA2C660037AC55 /* AutomatedScrollView.xib */ = {isa = PBXFileReference; fileEncoding = 4; lastKnownFileType = file.xib; name = AutomatedScrollView.xib; path = AutomatedScrollView/AutomatedScrollView.xib; sourceTree = "<group>"; };
/* End PBXFileReference section */

/* Begin PBXFrameworksBuildPhase section */
		112BEA771A9FCA7400F98867 /* Frameworks */ = {
			isa = PBXFrameworksBuildPhase;
			buildActionMask = 2147483647;
			files = (
			);
			runOnlyForDeploymentPostprocessing = 0;
		};
		112BEA901A9FCA7400F98867 /* Frameworks */ = {
			isa = PBXFrameworksBuildPhase;
			buildActionMask = 2147483647;
			files = (
			);
			runOnlyForDeploymentPostprocessing = 0;
		};
/* End PBXFrameworksBuildPhase section */

/* Begin PBXGroup section */
		112BEA711A9FCA7400F98867 = {
			isa = PBXGroup;
			children = (
				112BEA7C1A9FCA7400F98867 /* AutomatedScrollingMessage */,
				112BEA961A9FCA7400F98867 /* AutomatedScrollingMessageTests */,
				112BEA7B1A9FCA7400F98867 /* Products */,
			);
			sourceTree = "<group>";
		};
		112BEA7B1A9FCA7400F98867 /* Products */ = {
			isa = PBXGroup;
			children = (
				112BEA7A1A9FCA7400F98867 /* AutomatedScrollingMessage.app */,
				112BEA931A9FCA7400F98867 /* AutomatedScrollingMessageTests.xctest */,
			);
			name = Products;
			sourceTree = "<group>";
		};
		112BEA7C1A9FCA7400F98867 /* AutomatedScrollingMessage */ = {
			isa = PBXGroup;
			children = (
				11B654AB1AAA2C6C0037AC55 /* AutomatedScrollView */,
				112BEAAD1A9FD6BF00F98867 /* MainViewController.h */,
				112BEAAE1A9FD6BF00F98867 /* MainViewController.m */,
				112BEAAF1A9FD6BF00F98867 /* MainViewController.xib */,
				112BEA811A9FCA7400F98867 /* AppDelegate.h */,
				112BEA821A9FCA7400F98867 /* AppDelegate.m */,
				112BEA8A1A9FCA7400F98867 /* Images.xcassets */,
				112BEA7D1A9FCA7400F98867 /* Supporting Files */,
			);
			path = AutomatedScrollingMessage;
			sourceTree = "<group>";
		};
		112BEA7D1A9FCA7400F98867 /* Supporting Files */ = {
			isa = PBXGroup;
			children = (
				112BEA7E1A9FCA7400F98867 /* Info.plist */,
				112BEA7F1A9FCA7400F98867 /* main.m */,
			);
			name = "Supporting Files";
			sourceTree = "<group>";
		};
		112BEA961A9FCA7400F98867 /* AutomatedScrollingMessageTests */ = {
			isa = PBXGroup;
			children = (
				112BEA991A9FCA7400F98867 /* AutomatedScrollingMessageTests.m */,
				112BEA971A9FCA7400F98867 /* Supporting Files */,
			);
			path = AutomatedScrollingMessageTests;
			sourceTree = "<group>";
		};
		112BEA971A9FCA7400F98867 /* Supporting Files */ = {
			isa = PBXGroup;
			children = (
				112BEA981A9FCA7400F98867 /* Info.plist */,
			);
			name = "Supporting Files";
			sourceTree = "<group>";
		};
		11B654AB1AAA2C6C0037AC55 /* AutomatedScrollView */ = {
			isa = PBXGroup;
			children = (
				11B654A61AAA2C660037AC55 /* AutomatedScrollView.h */,
				11B654A71AAA2C660037AC55 /* AutomatedScrollView.m */,
				11B654A81AAA2C660037AC55 /* AutomatedScrollView.xib */,
			);
			name = AutomatedScrollView;
			sourceTree = "<group>";
		};
/* End PBXGroup section */

/* Begin PBXNativeTarget section */
		112BEA791A9FCA7400F98867 /* AutomatedScrollingMessage */ = {
			isa = PBXNativeTarget;
			buildConfigurationList = 112BEA9D1A9FCA7400F98867 /* Build configuration list for PBXNativeTarget "AutomatedScrollingMessage" */;
			buildPhases = (
				112BEA761A9FCA7400F98867 /* Sources */,
				112BEA771A9FCA7400F98867 /* Frameworks */,
				112BEA781A9FCA7400F98867 /* Resources */,
			);
			buildRules = (
			);
			dependencies = (
			);
			name = AutomatedScrollingMessage;
			productName = AutomatedScrollingMessage;
			productReference = 112BEA7A1A9FCA7400F98867 /* AutomatedScrollingMessage.app */;
			productType = "com.apple.product-type.application";
		};
		112BEA921A9FCA7400F98867 /* AutomatedScrollingMessageTests */ = {
			isa = PBXNativeTarget;
			buildConfigurationList = 112BEAA01A9FCA7400F98867 /* Build configuration list for PBXNativeTarget "AutomatedScrollingMessageTests" */;
			buildPhases = (
				112BEA8F1A9FCA7400F98867 /* Sources */,
				112BEA901A9FCA7400F98867 /* Frameworks */,
				112BEA911A9FCA7400F98867 /* Resources */,
			);
			buildRules = (
			);
			dependencies = (
				112BEA951A9FCA7400F98867 /* PBXTargetDependency */,
			);
			name = AutomatedScrollingMessageTests;
			productName = AutomatedScrollingMessageTests;
			productReference = 112BEA931A9FCA7400F98867 /* AutomatedScrollingMessageTests.xctest */;
			productType = "com.apple.product-type.bundle.unit-test";
		};
/* End PBXNativeTarget section */

/* Begin PBXProject section */
		112BEA721A9FCA7400F98867 /* Project object */ = {
			isa = PBXProject;
			attributes = {
				LastUpgradeCheck = 0610;
				ORGANIZATIONNAME = LawrenceM;
				TargetAttributes = {
					112BEA791A9FCA7400F98867 = {
						CreatedOnToolsVersion = 6.1.1;
					};
					112BEA921A9FCA7400F98867 = {
						CreatedOnToolsVersion = 6.1.1;
						TestTargetID = 112BEA791A9FCA7400F98867;
					};
				};
			};
			buildConfigurationList = 112BEA751A9FCA7400F98867 /* Build configuration list for PBXProject "AutomatedScrollingMessage" */;
			compatibilityVersion = "Xcode 3.2";
			developmentRegion = English;
			hasScannedForEncodings = 0;
			knownRegions = (
				en,
				Base,
			);
			mainGroup = 112BEA711A9FCA7400F98867;
			productRefGroup = 112BEA7B1A9FCA7400F98867 /* Products */;
			projectDirPath = "";
			projectRoot = "";
			targets = (
				112BEA791A9FCA7400F98867 /* AutomatedScrollingMessage */,
				112BEA921A9FCA7400F98867 /* AutomatedScrollingMessageTests */,
			);
		};
/* End PBXProject section */

/* Begin PBXResourcesBuildPhase section */
		112BEA781A9FCA7400F98867 /* Resources */ = {
			isa = PBXResourcesBuildPhase;
			buildActionMask = 2147483647;
			files = (
				112BEA8B1A9FCA7400F98867 /* Images.xcassets in Resources */,
				11B654AA1AAA2C660037AC55 /* AutomatedScrollView.xib in Resources */,
				112BEAB11A9FD6BF00F98867 /* MainViewController.xib in Resources */,
			);
			runOnlyForDeploymentPostprocessing = 0;
		};
		112BEA911A9FCA7400F98867 /* Resources */ = {
			isa = PBXResourcesBuildPhase;
			buildActionMask = 2147483647;
			files = (
			);
			runOnlyForDeploymentPostprocessing = 0;
		};
/* End PBXResourcesBuildPhase section */

/* Begin PBXSourcesBuildPhase section */
		112BEA761A9FCA7400F98867 /* Sources */ = {
			isa = PBXSourcesBuildPhase;
			buildActionMask = 2147483647;
			files = (
				112BEA831A9FCA7400F98867 /* AppDelegate.m in Sources */,
				112BEAB01A9FD6BF00F98867 /* MainViewController.m in Sources */,
				11B654A91AAA2C660037AC55 /* AutomatedScrollView.m in Sources */,
				112BEA801A9FCA7400F98867 /* main.m in Sources */,
			);
			runOnlyForDeploymentPostprocessing = 0;
		};
		112BEA8F1A9FCA7400F98867 /* Sources */ = {
			isa = PBXSourcesBuildPhase;
			buildActionMask = 2147483647;
			files = (
				112BEA9A1A9FCA7400F98867 /* AutomatedScrollingMessageTests.m in Sources */,
			);
			runOnlyForDeploymentPostprocessing = 0;
		};
/* End PBXSourcesBuildPhase section */

/* Begin PBXTargetDependency section */
		112BEA951A9FCA7400F98867 /* PBXTargetDependency */ = {
			isa = PBXTargetDependency;
			target = 112BEA791A9FCA7400F98867 /* AutomatedScrollingMessage */;
			targetProxy = 112BEA941A9FCA7400F98867 /* PBXContainerItemProxy */;
		};
/* End PBXTargetDependency section */

/* Begin XCBuildConfiguration section */
		112BEA9B1A9FCA7400F98867 /* Debug */ = {
			isa = XCBuildConfiguration;
			buildSettings = {
				ALWAYS_SEARCH_USER_PATHS = NO;
				CLANG_CXX_LANGUAGE_STANDARD = "gnu++0x";
				CLANG_CXX_LIBRARY = "libc++";
				CLANG_ENABLE_MODULES = YES;
				CLANG_ENABLE_OBJC_ARC = YES;
				CLANG_WARN_BOOL_CONVERSION = YES;
				CLANG_WARN_CONSTANT_CONVERSION = YES;
				CLANG_WARN_DIRECT_OBJC_ISA_USAGE = YES_ERROR;
				CLANG_WARN_EMPTY_BODY = YES;
				CLANG_WARN_ENUM_CONVERSION = YES;
				CLANG_WARN_INT_CONVERSION = YES;
				CLANG_WARN_OBJC_ROOT_CLASS = YES_ERROR;
				CLANG_WARN_UNREACHABLE_CODE = YES;
				CLANG_WARN__DUPLICATE_METHOD_MATCH = YES;
				"CODE_SIGN_IDENTITY[sdk=iphoneos*]" = "iPhone Developer";
				COPY_PHASE_STRIP = NO;
				ENABLE_STRICT_OBJC_MSGSEND = YES;
				GCC_C_LANGUAGE_STANDARD = gnu99;
				GCC_DYNAMIC_NO_PIC = NO;
				GCC_OPTIMIZATION_LEVEL = 0;
				GCC_PREPROCESSOR_DEFINITIONS = (
					"DEBUG=1",
					"$(inherited)",
				);
				GCC_SYMBOLS_PRIVATE_EXTERN = NO;
				GCC_WARN_64_TO_32_BIT_CONVERSION = YES;
				GCC_WARN_ABOUT_RETURN_TYPE = YES_ERROR;
				GCC_WARN_UNDECLARED_SELECTOR = YES;
				GCC_WARN_UNINITIALIZED_AUTOS = YES_AGGRESSIVE;
				GCC_WARN_UNUSED_FUNCTION = YES;
				GCC_WARN_UNUSED_VARIABLE = YES;
				IPHONEOS_DEPLOYMENT_TARGET = 8.1;
				MTL_ENABLE_DEBUG_INFO = YES;
				ONLY_ACTIVE_ARCH = YES;
				SDKROOT = iphoneos;
				TARGETED_DEVICE_FAMILY = "1,2";
			};
			name = Debug;
		};
		112BEA9C1A9FCA7400F98867 /* Release */ = {
			isa = XCBuildConfiguration;
			buildSettings = {
				ALWAYS_SEARCH_USER_PATHS = NO;
				CLANG_CXX_LANGUAGE_STANDARD = "gnu++0x";
				CLANG_CXX_LIBRARY = "libc++";
				CLANG_ENABLE_MODULES = YES;
				CLANG_ENABLE_OBJC_ARC = YES;
				CLANG_WARN_BOOL_CONVERSION = YES;
				CLANG_WARN_CONSTANT_CONVERSION = YES;
				CLANG_WARN_DIRECT_OBJC_ISA_USAGE = YES_ERROR;
				CLANG_WARN_EMPTY_BODY = YES;
				CLANG_WARN_ENUM_CONVERSION = YES;
				CLANG_WARN_INT_CONVERSION = YES;
				CLANG_WARN_OBJC_ROOT_CLASS = YES_ERROR;
				CLANG_WARN_UNREACHABLE_CODE = YES;
				CLANG_WARN__DUPLICATE_METHOD_MATCH = YES;
				"CODE_SIGN_IDENTITY[sdk=iphoneos*]" = "iPhone Developer";
				COPY_PHASE_STRIP = YES;
				ENABLE_NS_ASSERTIONS = NO;
				ENABLE_STRICT_OBJC_MSGSEND = YES;
				GCC_C_LANGUAGE_STANDARD = gnu99;
				GCC_WARN_64_TO_32_BIT_CONVERSION = YES;
				GCC_WARN_ABOUT_RETURN_TYPE = YES_ERROR;
				GCC_WARN_UNDECLARED_SELECTOR = YES;
				GCC_WARN_UNINITIALIZED_AUTOS = YES_AGGRESSIVE;
				GCC_WARN_UNUSED_FUNCTION = YES;
				GCC_WARN_UNUSED_VARIABLE = YES;
				IPHONEOS_DEPLOYMENT_TARGET = 8.1;
				MTL_ENABLE_DEBUG_INFO = NO;
				SDKROOT = iphoneos;
				TARGETED_DEVICE_FAMILY = "1,2";
				VALIDATE_PRODUCT = YES;
			};
			name = Release;
		};
		112BEA9E1A9FCA7400F98867 /* Debug */ = {
			isa = XCBuildConfiguration;
			buildSettings = {
				ASSETCATALOG_COMPILER_APPICON_NAME = AppIcon;
				CODE_SIGN_IDENTITY = "iPhone Developer";
				INFOPLIST_FILE = AutomatedScrollingMessage/Info.plist;
				LD_RUNPATH_SEARCH_PATHS = "$(inherited) @executable_path/Frameworks";
				PRODUCT_NAME = "$(TARGET_NAME)";
			};
			name = Debug;
		};
		112BEA9F1A9FCA7400F98867 /* Release */ = {
			isa = XCBuildConfiguration;
			buildSettings = {
				ASSETCATALOG_COMPILER_APPICON_NAME = AppIcon;
				CODE_SIGN_IDENTITY = "iPhone Developer";
				INFOPLIST_FILE = AutomatedScrollingMessage/Info.plist;
				LD_RUNPATH_SEARCH_PATHS = "$(inherited) @executable_path/Frameworks";
				PRODUCT_NAME = "$(TARGET_NAME)";
			};
			name = Release;
		};
		112BEAA11A9FCA7400F98867 /* Debug */ = {
			isa = XCBuildConfiguration;
			buildSettings = {
				BUNDLE_LOADER = "$(TEST_HOST)";
				FRAMEWORK_SEARCH_PATHS = (
					"$(SDKROOT)/Developer/Library/Frameworks",
					"$(inherited)",
				);
				GCC_PREPROCESSOR_DEFINITIONS = (
					"DEBUG=1",
					"$(inherited)",
				);
				INFOPLIST_FILE = AutomatedScrollingMessageTests/Info.plist;
				LD_RUNPATH_SEARCH_PATHS = "$(inherited) @executable_path/Frameworks @loader_path/Frameworks";
				PRODUCT_NAME = "$(TARGET_NAME)";
				TEST_HOST = "$(BUILT_PRODUCTS_DIR)/AutomatedScrollingMessage.app/AutomatedScrollingMessage";
			};
			name = Debug;
		};
		112BEAA21A9FCA7400F98867 /* Release */ = {
			isa = XCBuildConfiguration;
			buildSettings = {
				BUNDLE_LOADER = "$(TEST_HOST)";
				FRAMEWORK_SEARCH_PATHS = (
					"$(SDKROOT)/Developer/Library/Frameworks",
					"$(inherited)",
				);
				INFOPLIST_FILE = AutomatedScrollingMessageTests/Info.plist;
				LD_RUNPATH_SEARCH_PATHS = "$(inherited) @executable_path/Frameworks @loader_path/Frameworks";
				PRODUCT_NAME = "$(TARGET_NAME)";
				TEST_HOST = "$(BUILT_PRODUCTS_DIR)/AutomatedScrollingMessage.app/AutomatedScrollingMessage";
			};
			name = Release;
		};
/* End XCBuildConfiguration section */

/* Begin XCConfigurationList section */
		112BEA751A9FCA7400F98867 /* Build configuration list for PBXProject "AutomatedScrollingMessage" */ = {
			isa = XCConfigurationList;
			buildConfigurations = (
				112BEA9B1A9FCA7400F98867 /* Debug */,
				112BEA9C1A9FCA7400F98867 /* Release */,
			);
			defaultConfigurationIsVisible = 0;
			defaultConfigurationName = Release;
		};
		112BEA9D1A9FCA7400F98867 /* Build configuration list for PBXNativeTarget "AutomatedScrollingMessage" */ = {
			isa = XCConfigurationList;
			buildConfigurations = (
				112BEA9E1A9FCA7400F98867 /* Debug */,
				112BEA9F1A9FCA7400F98867 /* Release */,
			);
			defaultConfigurationIsVisible = 0;
			defaultConfigurationName = Release;
		};
		112BEAA01A9FCA7400F98867 /* Build configuration list for PBXNativeTarget "AutomatedScrollingMessageTests" */ = {
			isa = XCConfigurationList;
			buildConfigurations = (
				112BEAA11A9FCA7400F98867 /* Debug */,
				112BEAA21A9FCA7400F98867 /* Release */,
			);
			defaultConfigurationIsVisible = 0;
			defaultConfigurationName = Release;
		};
/* End XCConfigurationList section */
	};
	rootObject = 112BEA721A9FCA7400F98867 /* Project object */;
}
